// !$*UTF8*$!
{
	archiveVersion = 1;
	classes = {
	};
	objectVersion = 55;
	objects = {

/* Begin PBXBuildFile section */
		E27F9B592893349D006AF0AD /* FructusApp.swift in Sources */ = {isa = PBXBuildFile; fileRef = E27F9B582893349D006AF0AD /* FructusApp.swift */; };
		E27F9B5B2893349D006AF0AD /* OnBoardingView.swift in Sources */ = {isa = PBXBuildFile; fileRef = E27F9B5A2893349D006AF0AD /* OnBoardingView.swift */; };
		E27F9B5D289334A0006AF0AD /* Assets.xcassets in Resources */ = {isa = PBXBuildFile; fileRef = E27F9B5C289334A0006AF0AD /* Assets.xcassets */; };
		E27F9B60289334A0006AF0AD /* Preview Assets.xcassets in Resources */ = {isa = PBXBuildFile; fileRef = E27F9B5F289334A0006AF0AD /* Preview Assets.xcassets */; };
		E27F9B69289339F1006AF0AD /* FruitCard.swift in Sources */ = {isa = PBXBuildFile; fileRef = E27F9B68289339F1006AF0AD /* FruitCard.swift */; };
		E27F9B6B28933CED006AF0AD /* ViewButton.swift in Sources */ = {isa = PBXBuildFile; fileRef = E27F9B6A28933CED006AF0AD /* ViewButton.swift */; };
		E29396ED289345EA0034AF52 /* FruitModel.swift in Sources */ = {isa = PBXBuildFile; fileRef = E29396EC289345EA0034AF52 /* FruitModel.swift */; };
		E29396F0289346630034AF52 /* FruitData.swift in Sources */ = {isa = PBXBuildFile; fileRef = E29396EF289346630034AF52 /* FruitData.swift */; };
		E29396F2289809220034AF52 /* ContentView.swift in Sources */ = {isa = PBXBuildFile; fileRef = E29396F1289809220034AF52 /* ContentView.swift */; };
		E29396F428980EE70034AF52 /* ListItem.swift in Sources */ = {isa = PBXBuildFile; fileRef = E29396F328980EE70034AF52 /* ListItem.swift */; };
		E29396F62898139D0034AF52 /* FruitDetialView.swift in Sources */ = {isa = PBXBuildFile; fileRef = E29396F52898139D0034AF52 /* FruitDetialView.swift */; };
		E29396F828981B260034AF52 /* FruitHeader.swift in Sources */ = {isa = PBXBuildFile; fileRef = E29396F728981B260034AF52 /* FruitHeader.swift */; };
		E29396FA28981F5C0034AF52 /* LinkView.swift in Sources */ = {isa = PBXBuildFile; fileRef = E29396F928981F5C0034AF52 /* LinkView.swift */; };
/* End PBXBuildFile section */

/* Begin PBXFileReference section */
		E27F9B552893349D006AF0AD /* Fructus.app */ = {isa = PBXFileReference; explicitFileType = wrapper.application; includeInIndex = 0; path = Fructus.app; sourceTree = BUILT_PRODUCTS_DIR; };
		E27F9B582893349D006AF0AD /* FructusApp.swift */ = {isa = PBXFileReference; lastKnownFileType = sourcecode.swift; path = FructusApp.swift; sourceTree = "<group>"; };
		E27F9B5A2893349D006AF0AD /* OnBoardingView.swift */ = {isa = PBXFileReference; lastKnownFileType = sourcecode.swift; path = OnBoardingView.swift; sourceTree = "<group>"; };
		E27F9B5C289334A0006AF0AD /* Assets.xcassets */ = {isa = PBXFileReference; lastKnownFileType = folder.assetcatalog; path = Assets.xcassets; sourceTree = "<group>"; };
		E27F9B5F289334A0006AF0AD /* Preview Assets.xcassets */ = {isa = PBXFileReference; lastKnownFileType = folder.assetcatalog; path = "Preview Assets.xcassets"; sourceTree = "<group>"; };
		E27F9B68289339F1006AF0AD /* FruitCard.swift */ = {isa = PBXFileReference; lastKnownFileType = sourcecode.swift; path = FruitCard.swift; sourceTree = "<group>"; };
		E27F9B6A28933CED006AF0AD /* ViewButton.swift */ = {isa = PBXFileReference; lastKnownFileType = sourcecode.swift; path = ViewButton.swift; sourceTree = "<group>"; };
		E29396EC289345EA0034AF52 /* FruitModel.swift */ = {isa = PBXFileReference; lastKnownFileType = sourcecode.swift; path = FruitModel.swift; sourceTree = "<group>"; };
		E29396EF289346630034AF52 /* FruitData.swift */ = {isa = PBXFileReference; lastKnownFileType = sourcecode.swift; path = FruitData.swift; sourceTree = "<group>"; };
		E29396F1289809220034AF52 /* ContentView.swift */ = {isa = PBXFileReference; lastKnownFileType = sourcecode.swift; path = ContentView.swift; sourceTree = "<group>"; };
		E29396F328980EE70034AF52 /* ListItem.swift */ = {isa = PBXFileReference; lastKnownFileType = sourcecode.swift; path = ListItem.swift; sourceTree = "<group>"; };
		E29396F52898139D0034AF52 /* FruitDetialView.swift */ = {isa = PBXFileReference; lastKnownFileType = sourcecode.swift; path = FruitDetialView.swift; sourceTree = "<group>"; };
		E29396F728981B260034AF52 /* FruitHeader.swift */ = {isa = PBXFileReference; lastKnownFileType = sourcecode.swift; path = FruitHeader.swift; sourceTree = "<group>"; };
		E29396F928981F5C0034AF52 /* LinkView.swift */ = {isa = PBXFileReference; lastKnownFileType = sourcecode.swift; path = LinkView.swift; sourceTree = "<group>"; };
/* End PBXFileReference section */

/* Begin PBXFrameworksBuildPhase section */
		E27F9B522893349D006AF0AD /* Frameworks */ = {
			isa = PBXFrameworksBuildPhase;
			buildActionMask = 2147483647;
			files = (
			);
			runOnlyForDeploymentPostprocessing = 0;
		};
/* End PBXFrameworksBuildPhase section */

/* Begin PBXGroup section */
		E27F9B4C2893349D006AF0AD = {
			isa = PBXGroup;
			children = (
				E27F9B572893349D006AF0AD /* Fructus */,
				E27F9B562893349D006AF0AD /* Products */,
			);
			sourceTree = "<group>";
		};
		E27F9B562893349D006AF0AD /* Products */ = {
			isa = PBXGroup;
			children = (
				E27F9B552893349D006AF0AD /* Fructus.app */,
			);
			name = Products;
			sourceTree = "<group>";
		};
		E27F9B572893349D006AF0AD /* Fructus */ = {
			isa = PBXGroup;
			children = (
				E29396EE2893465C0034AF52 /* Data */,
				E27F9B6C289344CA006AF0AD /* Model */,
				E27F9B67289339E7006AF0AD /* Views */,
				E27F9B582893349D006AF0AD /* FructusApp.swift */,
				E27F9B66289339DD006AF0AD /* Screens */,
				E27F9B5C289334A0006AF0AD /* Assets.xcassets */,
				E27F9B5E289334A0006AF0AD /* Preview Content */,
			);
			path = Fructus;
			sourceTree = "<group>";
		};
		E27F9B5E289334A0006AF0AD /* Preview Content */ = {
			isa = PBXGroup;
			children = (
				E27F9B5F289334A0006AF0AD /* Preview Assets.xcassets */,
			);
			path = "Preview Content";
			sourceTree = "<group>";
		};
		E27F9B66289339DD006AF0AD /* Screens */ = {
			isa = PBXGroup;
			children = (
				E27F9B5A2893349D006AF0AD /* OnBoardingView.swift */,
				E29396F1289809220034AF52 /* ContentView.swift */,
				E29396F52898139D0034AF52 /* FruitDetialView.swift */,
			);
			path = Screens;
			sourceTree = "<group>";
		};
		E27F9B67289339E7006AF0AD /* Views */ = {
			isa = PBXGroup;
			children = (
				E27F9B68289339F1006AF0AD /* FruitCard.swift */,
				E27F9B6A28933CED006AF0AD /* ViewButton.swift */,
				E29396F328980EE70034AF52 /* ListItem.swift */,
				E29396F728981B260034AF52 /* FruitHeader.swift */,
				E29396F928981F5C0034AF52 /* LinkView.swift */,
			);
			path = Views;
			sourceTree = "<group>";
		};
		E27F9B6C289344CA006AF0AD /* Model */ = {
			isa = PBXGroup;
			children = (
				E29396EC289345EA0034AF52 /* FruitModel.swift */,
			);
			path = Model;
			sourceTree = "<group>";
		};
		E29396EE2893465C0034AF52 /* Data */ = {
			isa = PBXGroup;
			children = (
				E29396EF289346630034AF52 /* FruitData.swift */,
			);
			path = Data;
			sourceTree = "<group>";
		};
/* End PBXGroup section */

/* Begin PBXNativeTarget section */
		E27F9B542893349D006AF0AD /* Fructus */ = {
			isa = PBXNativeTarget;
			buildConfigurationList = E27F9B63289334A0006AF0AD /* Build configuration list for PBXNativeTarget "Fructus" */;
			buildPhases = (
				E27F9B512893349D006AF0AD /* Sources */,
				E27F9B522893349D006AF0AD /* Frameworks */,
				E27F9B532893349D006AF0AD /* Resources */,
			);
			buildRules = (
			);
			dependencies = (
			);
			name = Fructus;
			productName = Fructus;
			productReference = E27F9B552893349D006AF0AD /* Fructus.app */;
			productType = "com.apple.product-type.application";
		};
/* End PBXNativeTarget section */

/* Begin PBXProject section */
		E27F9B4D2893349D006AF0AD /* Project object */ = {
			isa = PBXProject;
			attributes = {
				BuildIndependentTargetsInParallel = 1;
				LastSwiftUpdateCheck = 1340;
				LastUpgradeCheck = 1340;
				TargetAttributes = {
					E27F9B542893349D006AF0AD = {
						CreatedOnToolsVersion = 13.4.1;
					};
				};
			};
			buildConfigurationList = E27F9B502893349D006AF0AD /* Build configuration list for PBXProject "Fructus" */;
			compatibilityVersion = "Xcode 13.0";
			developmentRegion = en;
			hasScannedForEncodings = 0;
			knownRegions = (
				en,
				Base,
			);
			mainGroup = E27F9B4C2893349D006AF0AD;
			productRefGroup = E27F9B562893349D006AF0AD /* Products */;
			projectDirPath = "";
			projectRoot = "";
			targets = (
				E27F9B542893349D006AF0AD /* Fructus */,
			);
		};
/* End PBXProject section */

/* Begin PBXResourcesBuildPhase section */
		E27F9B532893349D006AF0AD /* Resources */ = {
			isa = PBXResourcesBuildPhase;
			buildActionMask = 2147483647;
			files = (
				E27F9B60289334A0006AF0AD /* Preview Assets.xcassets in Resources */,
				E27F9B5D289334A0006AF0AD /* Assets.xcassets in Resources */,
			);
			runOnlyForDeploymentPostprocessing = 0;
		};
/* End PBXResourcesBuildPhase section */

/* Begin PBXSourcesBuildPhase section */
		E27F9B512893349D006AF0AD /* Sources */ = {
			isa = PBXSourcesBuildPhase;
			buildActionMask = 2147483647;
			files = (
				E29396F62898139D0034AF52 /* FruitDetialView.swift in Sources */,
				E27F9B5B2893349D006AF0AD /* OnBoardingView.swift in Sources */,
				E29396FA28981F5C0034AF52 /* LinkView.swift in Sources */,
				E27F9B69289339F1006AF0AD /* FruitCard.swift in Sources */,
				E29396F2289809220034AF52 /* ContentView.swift in Sources */,
				E29396F0289346630034AF52 /* FruitData.swift in Sources */,
				E29396F428980EE70034AF52 /* ListItem.swift in Sources */,
				E29396ED289345EA0034AF52 /* FruitModel.swift in Sources */,
				E27F9B6B28933CED006AF0AD /* ViewButton.swift in Sources */,
				E27F9B592893349D006AF0AD /* FructusApp.swift in Sources */,
				E29396F828981B260034AF52 /* FruitHeader.swift in Sources */,
			);
			runOnlyForDeploymentPostprocessing = 0;
		};
/* End PBXSourcesBuildPhase section */

/* Begin XCBuildConfiguration section */
		E27F9B61289334A0006AF0AD /* Debug */ = {
			isa = XCBuildConfiguration;
			buildSettings = {
				ALWAYS_SEARCH_USER_PATHS = NO;
				CLANG_ANALYZER_NONNULL = YES;
				CLANG_ANALYZER_NUMBER_OBJECT_CONVERSION = YES_AGGRESSIVE;
				CLANG_CXX_LANGUAGE_STANDARD = "gnu++17";
				CLANG_ENABLE_MODULES = YES;
				CLANG_ENABLE_OBJC_ARC = YES;
				CLANG_ENABLE_OBJC_WEAK = YES;
				CLANG_WARN_BLOCK_CAPTURE_AUTORELEASING = YES;
				CLANG_WARN_BOOL_CONVERSION = YES;
				CLANG_WARN_COMMA = YES;
				CLANG_WARN_CONSTANT_CONVERSION = YES;
				CLANG_WARN_DEPRECATED_OBJC_IMPLEMENTATIONS = YES;
				CLANG_WARN_DIRECT_OBJC_ISA_USAGE = YES_ERROR;
				CLANG_WARN_DOCUMENTATION_COMMENTS = YES;
				CLANG_WARN_EMPTY_BODY = YES;
				CLANG_WARN_ENUM_CONVERSION = YES;
				CLANG_WARN_INFINITE_RECURSION = YES;
				CLANG_WARN_INT_CONVERSION = YES;
				CLANG_WARN_NON_LITERAL_NULL_CONVERSION = YES;
				CLANG_WARN_OBJC_IMPLICIT_RETAIN_SELF = YES;
				CLANG_WARN_OBJC_LITERAL_CONVERSION = YES;
				CLANG_WARN_OBJC_ROOT_CLASS = YES_ERROR;
				CLANG_WARN_QUOTED_INCLUDE_IN_FRAMEWORK_HEADER = YES;
				CLANG_WARN_RANGE_LOOP_ANALYSIS = YES;
				CLANG_WARN_STRICT_PROTOTYPES = YES;
				CLANG_WARN_SUSPICIOUS_MOVE = YES;
				CLANG_WARN_UNGUARDED_AVAILABILITY = YES_AGGRESSIVE;
				CLANG_WARN_UNREACHABLE_CODE = YES;
				CLANG_WARN__DUPLICATE_METHOD_MATCH = YES;
				COPY_PHASE_STRIP = NO;
				DEBUG_INFORMATION_FORMAT = dwarf;
				ENABLE_STRICT_OBJC_MSGSEND = YES;
				ENABLE_TESTABILITY = YES;
				GCC_C_LANGUAGE_STANDARD = gnu11;
				GCC_DYNAMIC_NO_PIC = NO;
				GCC_NO_COMMON_BLOCKS = YES;
				GCC_OPTIMIZATION_LEVEL = 0;
				GCC_PREPROCESSOR_DEFINITIONS = (
					"DEBUG=1",
					"$(inherited)",
				);
				GCC_WARN_64_TO_32_BIT_CONVERSION = YES;
				GCC_WARN_ABOUT_RETURN_TYPE = YES_ERROR;
				GCC_WARN_UNDECLARED_SELECTOR = YES;
				GCC_WARN_UNINITIALIZED_AUTOS = YES_AGGRESSIVE;
				GCC_WARN_UNUSED_FUNCTION = YES;
				GCC_WARN_UNUSED_VARIABLE = YES;
				IPHONEOS_DEPLOYMENT_TARGET = 15.5;
				MTL_ENABLE_DEBUG_INFO = INCLUDE_SOURCE;
				MTL_FAST_MATH = YES;
				ONLY_ACTIVE_ARCH = YES;
				SDKROOT = iphoneos;
				SWIFT_ACTIVE_COMPILATION_CONDITIONS = DEBUG;
				SWIFT_OPTIMIZATION_LEVEL = "-Onone";
			};
			name = Debug;
		};
		E27F9B62289334A0006AF0AD /* Release */ = {
			isa = XCBuildConfiguration;
			buildSettings = {
				ALWAYS_SEARCH_USER_PATHS = NO;
				CLANG_ANALYZER_NONNULL = YES;
				CLANG_ANALYZER_NUMBER_OBJECT_CONVERSION = YES_AGGRESSIVE;
				CLANG_CXX_LANGUAGE_STANDARD = "gnu++17";
				CLANG_ENABLE_MODULES = YES;
				CLANG_ENABLE_OBJC_ARC = YES;
				CLANG_ENABLE_OBJC_WEAK = YES;
				CLANG_WARN_BLOCK_CAPTURE_AUTORELEASING = YES;
				CLANG_WARN_BOOL_CONVERSION = YES;
				CLANG_WARN_COMMA = YES;
				CLANG_WARN_CONSTANT_CONVERSION = YES;
				CLANG_WARN_DEPRECATED_OBJC_IMPLEMENTATIONS = YES;
				CLANG_WARN_DIRECT_OBJC_ISA_USAGE = YES_ERROR;
				CLANG_WARN_DOCUMENTATION_COMMENTS = YES;
				CLANG_WARN_EMPTY_BODY = YES;
				CLANG_WARN_ENUM_CONVERSION = YES;
				CLANG_WARN_INFINITE_RECURSION = YES;
				CLANG_WARN_INT_CONVERSION = YES;
				CLANG_WARN_NON_LITERAL_NULL_CONVERSION = YES;
				CLANG_WARN_OBJC_IMPLICIT_RETAIN_SELF = YES;
				CLANG_WARN_OBJC_LITERAL_CONVERSION = YES;
				CLANG_WARN_OBJC_ROOT_CLASS = YES_ERROR;
				CLANG_WARN_QUOTED_INCLUDE_IN_FRAMEWORK_HEADER = YES;
				CLANG_WARN_RANGE_LOOP_ANALYSIS = YES;
				CLANG_WARN_STRICT_PROTOTYPES = YES;
				CLANG_WARN_SUSPICIOUS_MOVE = YES;
				CLANG_WARN_UNGUARDED_AVAILABILITY = YES_AGGRESSIVE;
				CLANG_WARN_UNREACHABLE_CODE = YES;
				CLANG_WARN__DUPLICATE_METHOD_MATCH = YES;
				COPY_PHASE_STRIP = NO;
				DEBUG_INFORMATION_FORMAT = "dwarf-with-dsym";
				ENABLE_NS_ASSERTIONS = NO;
				ENABLE_STRICT_OBJC_MSGSEND = YES;
				GCC_C_LANGUAGE_STANDARD = gnu11;
				GCC_NO_COMMON_BLOCKS = YES;
				GCC_WARN_64_TO_32_BIT_CONVERSION = YES;
				GCC_WARN_ABOUT_RETURN_TYPE = YES_ERROR;
				GCC_WARN_UNDECLARED_SELECTOR = YES;
				GCC_WARN_UNINITIALIZED_AUTOS = YES_AGGRESSIVE;
				GCC_WARN_UNUSED_FUNCTION = YES;
				GCC_WARN_UNUSED_VARIABLE = YES;
				IPHONEOS_DEPLOYMENT_TARGET = 15.5;
				MTL_ENABLE_DEBUG_INFO = NO;
				MTL_FAST_MATH = YES;
				SDKROOT = iphoneos;
				SWIFT_COMPILATION_MODE = wholemodule;
				SWIFT_OPTIMIZATION_LEVEL = "-O";
				VALIDATE_PRODUCT = YES;
			};
			name = Release;
		};
		E27F9B64289334A0006AF0AD /* Debug */ = {
			isa = XCBuildConfiguration;
			buildSettings = {
				ASSETCATALOG_COMPILER_APPICON_NAME = AppIcon;
				ASSETCATALOG_COMPILER_GLOBAL_ACCENT_COLOR_NAME = AccentColor;
				CODE_SIGN_STYLE = Automatic;
				CURRENT_PROJECT_VERSION = 1;
				DEVELOPMENT_ASSET_PATHS = "\"Fructus/Preview Content\"";
				DEVELOPMENT_TEAM = 49BS357RWK;
				ENABLE_PREVIEWS = YES;
				GENERATE_INFOPLIST_FILE = YES;
				INFOPLIST_KEY_UIApplicationSceneManifest_Generation = YES;
				INFOPLIST_KEY_UIApplicationSupportsIndirectInputEvents = YES;
				INFOPLIST_KEY_UILaunchScreen_Generation = YES;
				INFOPLIST_KEY_UISupportedInterfaceOrientations = UIInterfaceOrientationPortrait;
				INFOPLIST_KEY_UISupportedInterfaceOrientations_iPad = "UIInterfaceOrientationPortrait UIInterfaceOrientationPortraitUpsideDown UIInterfaceOrientationLandscapeLeft UIInterfaceOrientationLandscapeRight";
				INFOPLIST_KEY_UISupportedInterfaceOrientations_iPhone = UIInterfaceOrientationPortrait;
				LD_RUNPATH_SEARCH_PATHS = (
					"$(inherited)",
					"@executable_path/Frameworks",
				);
				MARKETING_VERSION = 1.0;
				PRODUCT_BUNDLE_IDENTIFIER = Alaftico.Fructus;
				PRODUCT_NAME = "$(TARGET_NAME)";
				SWIFT_EMIT_LOC_STRINGS = YES;
				SWIFT_VERSION = 5.0;
				TARGETED_DEVICE_FAMILY = "1,2";
			};
			name = Debug;
		};
		E27F9B65289334A0006AF0AD /* Release */ = {
			isa = XCBuildConfiguration;
			buildSettings = {
				ASSETCATALOG_COMPILER_APPICON_NAME = AppIcon;
				ASSETCATALOG_COMPILER_GLOBAL_ACCENT_COLOR_NAME = AccentColor;
				CODE_SIGN_STYLE = Automatic;
				CURRENT_PROJECT_VERSION = 1;
				DEVELOPMENT_ASSET_PATHS = "\"Fructus/Preview Content\"";
				DEVELOPMENT_TEAM = 49BS357RWK;
				ENABLE_PREVIEWS = YES;
				GENERATE_INFOPLIST_FILE = YES;
				INFOPLIST_KEY_UIApplicationSceneManifest_Generation = YES;
				INFOPLIST_KEY_UIApplicationSupportsIndirectInputEvents = YES;
				INFOPLIST_KEY_UILaunchScreen_Generation = YES;
				INFOPLIST_KEY_UISupportedInterfaceOrientations = UIInterfaceOrientationPortrait;
				INFOPLIST_KEY_UISupportedInterfaceOrientations_iPad = "UIInterfaceOrientationPortrait UIInterfaceOrientationPortraitUpsideDown UIInterfaceOrientationLandscapeLeft UIInterfaceOrientationLandscapeRight";
				INFOPLIST_KEY_UISupportedInterfaceOrientations_iPhone = UIInterfaceOrientationPortrait;
				LD_RUNPATH_SEARCH_PATHS = (
					"$(inherited)",
					"@executable_path/Frameworks",
				);
				MARKETING_VERSION = 1.0;
				PRODUCT_BUNDLE_IDENTIFIER = Alaftico.Fructus;
				PRODUCT_NAME = "$(TARGET_NAME)";
				SWIFT_EMIT_LOC_STRINGS = YES;
				SWIFT_VERSION = 5.0;
				TARGETED_DEVICE_FAMILY = "1,2";
			};
			name = Release;
		};
/* End XCBuildConfiguration section */

/* Begin XCConfigurationList section */
		E27F9B502893349D006AF0AD /* Build configuration list for PBXProject "Fructus" */ = {
			isa = XCConfigurationList;
			buildConfigurations = (
				E27F9B61289334A0006AF0AD /* Debug */,
				E27F9B62289334A0006AF0AD /* Release */,
			);
			defaultConfigurationIsVisible = 0;
			defaultConfigurationName = Release;
		};
		E27F9B63289334A0006AF0AD /* Build configuration list for PBXNativeTarget "Fructus" */ = {
			isa = XCConfigurationList;
			buildConfigurations = (
				E27F9B64289334A0006AF0AD /* Debug */,
				E27F9B65289334A0006AF0AD /* Release */,
			);
			defaultConfigurationIsVisible = 0;
			defaultConfigurationName = Release;
		};
/* End XCConfigurationList section */
	};
	rootObject = E27F9B4D2893349D006AF0AD /* Project object */;
}
